
Microsoft Visual Studio Solution File, Format Version 12.00
# Visual Studio Version 16
VisualStudioVersion = 16.0.31105.61
MinimumVisualStudioVersion = 10.0.40219.1
Project("{9A19103F-16F7-4668-BE54-9A1E7A4F7556}") = "Common.Product.Authorization", "Common.Product.Authorization.csproj", "{EDE557E5-8301-4512-BC45-8B0559CF6B8C}"
EndProject
Global
	GlobalSection(SolutionConfigurationPlatforms) = preSolution
		Debug|Any CPU = Debug|Any CPU
		Release|Any CPU = Release|Any CPU
	EndGlobalSection
	GlobalSection(ProjectConfigurationPlatforms) = postSolution
		{EDE557E5-8301-4512-BC45-8B0559CF6B8C}.Debug|Any CPU.ActiveCfg = Debug|Any CPU
		{EDE557E5-8301-4512-BC45-8B0559CF6B8C}.Debug|Any CPU.Build.0 = Debug|Any CPU
		{EDE557E5-8301-4512-BC45-8B0559CF6B8C}.Release|Any CPU.ActiveCfg = Release|Any CPU
		{EDE557E5-8301-4512-BC45-8B0559CF6B8C}.Release|Any CPU.Build.0 = Release|Any CPU
	EndGlobalSection
	GlobalSection(SolutionProperties) = preSolution
		HideSolutionNode = FALSE
	EndGlobalSection
	GlobalSection(ExtensibilityGlobals) = postSolution
		SolutionGuid = {20194204-C55D-43C3-AC64-A6BF589D96B6}
	EndGlobalSection
EndGlobal
