
Microsoft Visual Studio Solution File, Format Version 12.00
# Visual Studio Version 16
VisualStudioVersion = 16.0.31105.61
MinimumVisualStudioVersion = 10.0.40219.1
Project("{FAE04EC0-301F-11D3-BF4B-00C04F79EFBC}") = "EventBus.IntegrationEventLog", "EventBus.IntegrationEventLog.csproj", "{7F93DE56-3915-4B2F-8BCD-571597449068}"
EndProject
Project("{9A19103F-16F7-4668-BE54-9A1E7A4F7556}") = "EventBus", "..\EventBus\EventBus.csproj", "{EA3F7DF1-A393-489B-97FF-C78435C9A3D6}"
EndProject
Global
	GlobalSection(SolutionConfigurationPlatforms) = preSolution
		Debug|Any CPU = Debug|Any CPU
		Release|Any CPU = Release|Any CPU
	EndGlobalSection
	GlobalSection(ProjectConfigurationPlatforms) = postSolution
		{7F93DE56-3915-4B2F-8BCD-571597449068}.Debug|Any CPU.ActiveCfg = Debug|Any CPU
		{7F93DE56-3915-4B2F-8BCD-571597449068}.Debug|Any CPU.Build.0 = Debug|Any CPU
		{7F93DE56-3915-4B2F-8BCD-571597449068}.Release|Any CPU.ActiveCfg = Release|Any CPU
		{7F93DE56-3915-4B2F-8BCD-571597449068}.Release|Any CPU.Build.0 = Release|Any CPU
		{EA3F7DF1-A393-489B-97FF-C78435C9A3D6}.Debug|Any CPU.ActiveCfg = Debug|Any CPU
		{EA3F7DF1-A393-489B-97FF-C78435C9A3D6}.Debug|Any CPU.Build.0 = Debug|Any CPU
		{EA3F7DF1-A393-489B-97FF-C78435C9A3D6}.Release|Any CPU.ActiveCfg = Release|Any CPU
		{EA3F7DF1-A393-489B-97FF-C78435C9A3D6}.Release|Any CPU.Build.0 = Release|Any CPU
	EndGlobalSection
	GlobalSection(SolutionProperties) = preSolution
		HideSolutionNode = FALSE
	EndGlobalSection
	GlobalSection(ExtensibilityGlobals) = postSolution
		SolutionGuid = {9C1581B8-C31B-4D6C-82DD-20BD1ECFA0D0}
	EndGlobalSection
EndGlobal
