
Microsoft Visual Studio Solution File, Format Version 12.00
# Visual Studio Version 16
VisualStudioVersion = 16.0.31105.61
MinimumVisualStudioVersion = 10.0.40219.1
Project("{9A19103F-16F7-4668-BE54-9A1E7A4F7556}") = "Product.Api", "src\Product.Api\Product.Api.csproj", "{A9D61E96-CD55-4BEF-AC46-DC8DC5197EA7}"
EndProject
Project("{9A19103F-16F7-4668-BE54-9A1E7A4F7556}") = "Product.Contracts", "src\Product.Contracts\Product.Contracts.csproj", "{5A8D492A-4382-48A3-AD9B-E7FB369B9754}"
EndProject
Project("{9A19103F-16F7-4668-BE54-9A1E7A4F7556}") = "Product.Database", "src\Product.Database\Product.Database.csproj", "{C993F5BB-5333-4FD9-924E-4CD6EF861180}"
EndProject
Project("{9A19103F-16F7-4668-BE54-9A1E7A4F7556}") = "Product.Domain", "src\Product.Domain\Product.Domain.csproj", "{A0663A54-601E-4F02-9C02-DFDD95F8B2E0}"
EndProject
Project("{9A19103F-16F7-4668-BE54-9A1E7A4F7556}") = "Product.Services", "src\Product.Services\Product.Services.csproj", "{357AA944-1439-47FD-8A4A-7B41BDE6543E}"
EndProject
Project("{9A19103F-16F7-4668-BE54-9A1E7A4F7556}") = "Product.Core", "src\Product.Core\Product.Core.csproj", "{A08DA2CD-A838-4D2C-9A6D-31CE4764A213}"
EndProject
Global
	GlobalSection(SolutionConfigurationPlatforms) = preSolution
		Debug|Any CPU = Debug|Any CPU
		Release|Any CPU = Release|Any CPU
	EndGlobalSection
	GlobalSection(ProjectConfigurationPlatforms) = postSolution
		{A9D61E96-CD55-4BEF-AC46-DC8DC5197EA7}.Debug|Any CPU.ActiveCfg = Debug|Any CPU
		{A9D61E96-CD55-4BEF-AC46-DC8DC5197EA7}.Debug|Any CPU.Build.0 = Debug|Any CPU
		{A9D61E96-CD55-4BEF-AC46-DC8DC5197EA7}.Release|Any CPU.ActiveCfg = Release|Any CPU
		{A9D61E96-CD55-4BEF-AC46-DC8DC5197EA7}.Release|Any CPU.Build.0 = Release|Any CPU
		{5A8D492A-4382-48A3-AD9B-E7FB369B9754}.Debug|Any CPU.ActiveCfg = Debug|Any CPU
		{5A8D492A-4382-48A3-AD9B-E7FB369B9754}.Debug|Any CPU.Build.0 = Debug|Any CPU
		{5A8D492A-4382-48A3-AD9B-E7FB369B9754}.Release|Any CPU.ActiveCfg = Release|Any CPU
		{5A8D492A-4382-48A3-AD9B-E7FB369B9754}.Release|Any CPU.Build.0 = Release|Any CPU
		{C993F5BB-5333-4FD9-924E-4CD6EF861180}.Debug|Any CPU.ActiveCfg = Debug|Any CPU
		{C993F5BB-5333-4FD9-924E-4CD6EF861180}.Debug|Any CPU.Build.0 = Debug|Any CPU
		{C993F5BB-5333-4FD9-924E-4CD6EF861180}.Release|Any CPU.ActiveCfg = Release|Any CPU
		{C993F5BB-5333-4FD9-924E-4CD6EF861180}.Release|Any CPU.Build.0 = Release|Any CPU
		{A0663A54-601E-4F02-9C02-DFDD95F8B2E0}.Debug|Any CPU.ActiveCfg = Debug|Any CPU
		{A0663A54-601E-4F02-9C02-DFDD95F8B2E0}.Debug|Any CPU.Build.0 = Debug|Any CPU
		{A0663A54-601E-4F02-9C02-DFDD95F8B2E0}.Release|Any CPU.ActiveCfg = Release|Any CPU
		{A0663A54-601E-4F02-9C02-DFDD95F8B2E0}.Release|Any CPU.Build.0 = Release|Any CPU
		{357AA944-1439-47FD-8A4A-7B41BDE6543E}.Debug|Any CPU.ActiveCfg = Debug|Any CPU
		{357AA944-1439-47FD-8A4A-7B41BDE6543E}.Debug|Any CPU.Build.0 = Debug|Any CPU
		{357AA944-1439-47FD-8A4A-7B41BDE6543E}.Release|Any CPU.ActiveCfg = Release|Any CPU
		{357AA944-1439-47FD-8A4A-7B41BDE6543E}.Release|Any CPU.Build.0 = Release|Any CPU
		{A08DA2CD-A838-4D2C-9A6D-31CE4764A213}.Debug|Any CPU.ActiveCfg = Debug|Any CPU
		{A08DA2CD-A838-4D2C-9A6D-31CE4764A213}.Debug|Any CPU.Build.0 = Debug|Any CPU
		{A08DA2CD-A838-4D2C-9A6D-31CE4764A213}.Release|Any CPU.ActiveCfg = Release|Any CPU
		{A08DA2CD-A838-4D2C-9A6D-31CE4764A213}.Release|Any CPU.Build.0 = Release|Any CPU
	EndGlobalSection
	GlobalSection(SolutionProperties) = preSolution
		HideSolutionNode = FALSE
	EndGlobalSection
	GlobalSection(ExtensibilityGlobals) = postSolution
		SolutionGuid = {08F1E840-2814-4266-A2A8-E2B7CDC68C79}
	EndGlobalSection
EndGlobal
